
Microsoft Visual Studio Solution File, Format Version 12.00
# Visual Studio 15
VisualStudioVersion = 15.0.28010.2016
MinimumVisualStudioVersion = 10.0.40219.1
Project("{FAE04EC0-301F-11D3-BF4B-00C04F79EFBC}") = "RegWalker", "RegWalker\RegWalker.csproj", "{753A2FF3-1818-4E1E-A320-5FF0F88BEC3E}"
EndProject
Global
	GlobalSection(SolutionConfigurationPlatforms) = preSolution
		Debug|Any CPU = Debug|Any CPU
		Release|Any CPU = Release|Any CPU
	EndGlobalSection
	GlobalSection(ProjectConfigurationPlatforms) = postSolution
		{753A2FF3-1818-4E1E-A320-5FF0F88BEC3E}.Debug|Any CPU.ActiveCfg = Debug|Any CPU
		{753A2FF3-1818-4E1E-A320-5FF0F88BEC3E}.Debug|Any CPU.Build.0 = Debug|Any CPU
		{753A2FF3-1818-4E1E-A320-5FF0F88BEC3E}.Release|Any CPU.ActiveCfg = Release|Any CPU
		{753A2FF3-1818-4E1E-A320-5FF0F88BEC3E}.Release|Any CPU.Build.0 = Release|Any CPU
	EndGlobalSection
	GlobalSection(SolutionProperties) = preSolution
		HideSolutionNode = FALSE
	EndGlobalSection
	GlobalSection(ExtensibilityGlobals) = postSolution
		SolutionGuid = {0BB32D90-2AD5-40CA-88F9-71DE664CC736}
	EndGlobalSection
EndGlobal
